version = 1
revision = 3
requires-python = "==3.11.*"

[[package]]
name = "annotated-types"
version = "0.8.0"
source = { registry = "https://pypi.org/simple" }
sdist = { url = "https://files.pythonhosted.org/packages/5f/56/a8120250d128bed162cd73c76d45f6ef9991f3e068f62a8ee060afa3104a/annotated_types-0.8.0.tar.gz", hash = "sha256:13b2beaad985e05e2d6407ee4c4f35590b11f8d693a258a561055cac8f64cab7", size = 15893, upload-time = "2026-07-23T20:16:13.995Z" }
wheels = [
    { url = "https://files.pythonhosted.org/packages/99/91/8acff4f5e50511b911bbccb72b8628a49c68ce14148cd9f6431094859a90/annotated_types-0.8.0-py3-none-any.whl", hash = "sha256:f072f4d804ea359e4eaf198b1af7a8b0943881a87f31bb764f8bf219bb9419e0", size = 13427, upload-time = "2026-07-23T20:16:12.938Z" },
]

[[package]]
name = "automarkov-profile-runner-control"
version = "0.1.0"
source = { virtual = "." }
dependencies = [
    { name = "cryptography" },
    { name = "pydantic" },
    { name = "rfc8785" },
]

[package.metadata]
requires-dist = [
    { name = "cryptography", specifier = "==49.0.0" },
    { name = "pydantic", specifier = "==2.12.0" },
    { name = "rfc8785", specifier = "==0.1.4" },
]

[[package]]
name = "cffi"
version = "2.1.1"
source = { registry = "https://pypi.org/simple" }
dependencies = [
    { name = "pycparser", marker = "implementation_name != 'PyPy'" },
]
sdist = { url = "https://files.pythonhosted.org/packages/9e/ef/008a1939e372c06329a3fce4279c02f328488f3526744906eeec3da7ad5f/cffi-2.1.1.tar.gz", hash = "sha256:dd31f52ea1086513bb9df30f8fcee9b8918323ae067a3d5b78bc826a000712be", size = 530807, upload-time = "2026-08-03T21:21:18.939Z" }
wheels = [
    { url = "https://files.pythonhosted.org/packages/70/d2/16d99a0c4948febc0ebd133a13b2f688ff7f8cb04da971e1128872ce0c03/cffi-2.1.1-cp311-cp311-macosx_10_15_x86_64.whl", hash = "sha256:c8d2c9fd1f2d16f780d15127abb050d13d1a76c03a4bd87d7e4980e45e511e12", size = 183838, upload-time = "2026-08-03T21:19:29.637Z" },
    { url = "https://files.pythonhosted.org/packages/cd/95/31b535a9f0220ae9f357de4a08d57ce89cb417653c2fd9f075f50822a388/cffi-2.1.1-cp311-cp311-macosx_11_0_arm64.whl", hash = "sha256:398aff33cee2767e3e781d2554c54bd0dff386bb437581e0d8011fde1a942ec1", size = 184168, upload-time = "2026-08-03T21:19:30.764Z" },
    { url = "https://files.pythonhosted.org/packages/ad/5a/4707a0dc1f203f5dde5a907b0d4e3c25d71120241048bd5bc6f1bb9d4e71/cffi-2.1.1-cp311-cp311-manylinux1_i686.manylinux2014_i686.manylinux_2_17_i686.manylinux_2_5_i686.whl", hash = "sha256:154852545011f779917b11c78db2358d095da62a9a172b78ad0a583ee5adc0d0", size = 211805, upload-time = "2026-08-03T21:19:31.867Z" },
    { url = "https://files.pythonhosted.org/packages/ad/66/c19feabb28485b6e0bbaaafa90837a1ef5d302e90f2178bd33f17a49879b/cffi-2.1.1-cp311-cp311-manylinux2014_aarch64.manylinux_2_17_aarch64.whl", hash = "sha256:3311ed60d36f83378794e1009ac6258bafbf81f7888b4caa7b35a521e3f95813", size = 218716, upload-time = "2026-08-03T21:19:32.896Z" },
    { url = "https://files.pythonhosted.org/packages/a7/92/500760486c8baab49a7a8a58ba7fc3355ec3974b454b8a09e528efde9e1d/cffi-2.1.1-cp311-cp311-manylinux2014_ppc64le.manylinux_2_17_ppc64le.whl", hash = "sha256:6e192623c49c94421616a5778fba35cf0d5a8d000650c1967ef4448ee5cdd990", size = 205569, upload-time = "2026-08-03T21:19:34.142Z" },
    { url = "https://files.pythonhosted.org/packages/a5/a7/a67c733254d6e7373f7822f8082d8d6beade791e0cf12a7611f376fa61c7/cffi-2.1.1-cp311-cp311-manylinux2014_s390x.manylinux_2_17_s390x.whl", hash = "sha256:a6e721d4b0e45d5b65e87534470e67b18dcd092c83f68fba09f152b9cbc061af", size = 204907, upload-time = "2026-08-03T21:19:35.174Z" },
    { url = "https://files.pythonhosted.org/packages/f7/a4/4399daaf8f7dfee9d7c3327fdb0426ee041cc63edc358b93911ceb2bfc7a/cffi-2.1.1-cp311-cp311-manylinux2014_x86_64.manylinux_2_17_x86_64.whl", hash = "sha256:34e261f78cb6ceaaa36f42f2613f4380d94d9c759a9c73c769ee6e0247364632", size = 217807, upload-time = "2026-08-03T21:19:36.286Z" },
    { url = "https://files.pythonhosted.org/packages/28/f7/dabe6da2466ecbd82dc62e7342dc6b1065dad990c06f00f0ede9ebf2a0ed/cffi-2.1.1-cp311-cp311-musllinux_1_2_aarch64.whl", hash = "sha256:7225e4514edb64eb6740324353e0da0711954fd8d7da4576755b1c6e09b697cd", size = 221252, upload-time = "2026-08-03T21:19:37.416Z" },
    { url = "https://files.pythonhosted.org/packages/ce/87/616202d8e51342c07d2534c510111c4cc37201775ce8f60802c9335d1edd/cffi-2.1.1-cp311-cp311-musllinux_1_2_i686.whl", hash = "sha256:df913725b79db7bcf03448f36b7bf8815363417d5b58deecf9305e3e30f0f21a", size = 214214, upload-time = "2026-08-03T21:19:38.507Z" },
    { url = "https://files.pythonhosted.org/packages/b4/c6/ab025d75d2c26c19b087c0124e75ee31cb65032f4fe345d356d8c507ab97/cffi-2.1.1-cp311-cp311-musllinux_1_2_x86_64.whl", hash = "sha256:f5cfbc5fe74540d335175b656c725d74d90e3730c626d92575eea35029d9afaa", size = 219408, upload-time = "2026-08-03T21:19:39.809Z" },
    { url = "https://files.pythonhosted.org/packages/db/e2/7e8109f65445bdc673a7b54f02c677de462db75674220fd1335efc8eb598/cffi-2.1.1-cp311-cp311-win32.whl", hash = "sha256:f8ec5e643a9a937f64e1999eb9f75d072263751912dc5cd06d3c85f8f44be7c3", size = 174470, upload-time = "2026-08-03T21:19:41.246Z" },
    { url = "https://files.pythonhosted.org/packages/73/c0/77ba02423c2f7d7091143c45cd49e0e6575c4c1967394bb542bd923a9b74/cffi-2.1.1-cp311-cp311-win_amd64.whl", hash = "sha256:42f6930c31dc7f50732c9ae793c2786c7b6b044195967bbdde40bb9be81c4cc0", size = 185096, upload-time = "2026-08-03T21:19:42.615Z" },
    { url = "https://files.pythonhosted.org/packages/7c/47/9f1f85f9672ceda4984dc6c4f8824e8558992a2972c3d3c81fb8eb28d4ba/cffi-2.1.1-cp311-cp311-win_arm64.whl", hash = "sha256:c7659f22557c5a0bc4855cd635f55edec690cc008a40768527762cb9fb263455", size = 179941, upload-time = "2026-08-03T21:19:43.747Z" },
]

[[package]]
name = "cryptography"
version = "49.0.0"
source = { registry = "https://pypi.org/simple" }
dependencies = [
    { name = "cffi", marker = "platform_python_implementation != 'PyPy'" },
]
sdist = { url = "https://files.pythonhosted.org/packages/1f/99/d1c90d6041656cc6ee229dc99cd67fd0cd5aec3c5f7d72fffc27cc750054/cryptography-49.0.0.tar.gz", hash = "sha256:f89660a348f4f78a92366240a61404e337586ef7f5909a2fef59ca88ef505493", size = 854345, upload-time = "2026-06-12T20:02:30.512Z" }
wheels = [
    { url = "https://files.pythonhosted.org/packages/9b/22/adf66990e63584a68dfb50c24f48a125c07b1699899381c8151e63ed458c/cryptography-49.0.0-cp311-abi3-macosx_11_0_arm64.whl", hash = "sha256:966fe0e9c67490071f14c0d2b1cb2dfb3023c5ce39457343931415f08382f2db", size = 4032100, upload-time = "2026-06-12T20:02:32.143Z" },
    { url = "https://files.pythonhosted.org/packages/09/41/3797cfaf69cae04a13ee78ebd83f0678d9c02b4779d21ce24445326f1a69/cryptography-49.0.0-cp311-abi3-manylinux2014_aarch64.manylinux_2_17_aarch64.whl", hash = "sha256:36d1709f992593689b45bda411498d62c6e365f2ca00b84657d4dadd24de16db", size = 4692978, upload-time = "2026-06-12T20:01:21.305Z" },
    { url = "https://files.pythonhosted.org/packages/e6/8b/43011f7ebe515a8aa20d61f290a326cd890c2e738e16e59eaff8d9c3a412/cryptography-49.0.0-cp311-abi3-manylinux2014_x86_64.manylinux_2_17_x86_64.whl", hash = "sha256:0e959b578856a3924bc0cbb710fc12c387b9412a951389f3ca61704a9e25f325", size = 4716422, upload-time = "2026-06-12T20:01:48.566Z" },
    { url = "https://files.pythonhosted.org/packages/4a/91/01ce7303a4579e6d3a6abef01bd322848e9ea7a219adcabc5048b9033571/cryptography-49.0.0-cp311-abi3-manylinux_2_28_aarch64.whl", hash = "sha256:53ecee2e23f7169b6117e99fc8a944e5e50f79e69758a83b52a00cb98ab2b2d2", size = 4700503, upload-time = "2026-06-12T20:02:47.091Z" },
    { url = "https://files.pythonhosted.org/packages/62/99/a2c95cf8293f07491e9e27c20cc4dcd18176d944e674679adeb1d0173fd6/cryptography-49.0.0-cp311-abi3-manylinux_2_28_ppc64le.whl", hash = "sha256:2eda353d8a27bcbcaa4cbed18994a74ab4d19a2ca897db188ea269ab9b71419b", size = 5309779, upload-time = "2026-06-12T20:02:08.987Z" },
    { url = "https://files.pythonhosted.org/packages/20/2c/0622f20ff02b2ef32558733443805dc82fd4c275be01b2d19d14676f3a1b/cryptography-49.0.0-cp311-abi3-manylinux_2_28_x86_64.whl", hash = "sha256:2afe9051da7ae7bd5905da5a949280c7d2bb75682e188f650a9d0f2756b834c6", size = 4749683, upload-time = "2026-06-12T20:02:03.335Z" },
    { url = "https://files.pythonhosted.org/packages/a3/5b/c5246635d5fd3b64e0d45ae10e99fd32fe9676a79915ccfe5a61ba9af1a5/cryptography-49.0.0-cp311-abi3-manylinux_2_31_armv7l.whl", hash = "sha256:0b82e28ee398a386f0807bba7884d30f25218855690f45115831bcce5d90822c", size = 4337874, upload-time = "2026-06-12T20:02:54.323Z" },
    { url = "https://files.pythonhosted.org/packages/6d/88/05563c7fe2e914e87d1a536d06fe83e66b4e1d95cb593e05aea375531da8/cryptography-49.0.0-cp311-abi3-manylinux_2_34_aarch64.whl", hash = "sha256:ccac2bfebc306b862133e3bb71f3f6ee8bb525240089b2d952e4144b3a6d5da7", size = 4700283, upload-time = "2026-06-12T20:01:34.822Z" },
    { url = "https://files.pythonhosted.org/packages/c4/b6/d7696e4e890d6ae1469935164c9e5215c557671cb78d6e3f458ccceaa632/cryptography-49.0.0-cp311-abi3-manylinux_2_34_ppc64le.whl", hash = "sha256:d0527ce944105f257f605a827d6ebead966c752038b6e8656abb9c5edee6fc68", size = 5265844, upload-time = "2026-06-12T20:01:24.09Z" },
    { url = "https://files.pythonhosted.org/packages/a9/3c/f3ad17eecc1a57b0ba236dc01f90e783c51f4a2f35f64777cc4f47a184b2/cryptography-49.0.0-cp311-abi3-manylinux_2_34_x86_64.whl", hash = "sha256:cbc77da8c523d5abd028635ba850a6966fcee2c82e2bf65a41d1d8afe0f98be9", size = 4749290, upload-time = "2026-06-12T20:01:30.848Z" },
    { url = "https://files.pythonhosted.org/packages/4f/01/339573cf1023163a400b0b5d16f6d507de413b9f60be6fd1b77feeaf6737/cryptography-49.0.0-cp311-abi3-musllinux_1_2_aarch64.whl", hash = "sha256:b87e65d263b3e5d3bb92a57e2a6638e2f31110fa7aa890c7b2dbba42248d0a3f", size = 4834612, upload-time = "2026-06-12T20:01:29.246Z" },
    { url = "https://files.pythonhosted.org/packages/71/fd/577302e213a1be9468f92d1afef66fcf1ef83d516819d9992ca547f592bd/cryptography-49.0.0-cp311-abi3-musllinux_1_2_x86_64.whl", hash = "sha256:66ec79c3904820572d7e987abdf304281f141d37ad9a489b8e97066e7b9b6459", size = 4980804, upload-time = "2026-06-12T20:01:42.853Z" },
    { url = "https://files.pythonhosted.org/packages/1f/09/f42b1d190c5ba75f72062a387f8030d1d75f6ab035788f1d9c4b01de6525/cryptography-49.0.0-cp311-abi3-win_amd64.whl", hash = "sha256:e5dfc1e64de5677cec922ffa8da89c546d0415bf6efdf081842e5d44c84e1f0e", size = 3810026, upload-time = "2026-06-12T20:02:39.262Z" },
    { url = "https://files.pythonhosted.org/packages/19/2a/5bb823f5bedcf80718cea7fbc95ec5515cca3769633c4b01a32be7f30e7c/cryptography-49.0.0-cp39-abi3-macosx_11_0_arm64.whl", hash = "sha256:ec5e529fb80935c94fe7b729f9972b50e351a0e6b50aa294fd5cabb109fcc29a", size = 4025947, upload-time = "2026-06-12T20:01:25.745Z" },
    { url = "https://files.pythonhosted.org/packages/3d/df/40577043ca124e17012f408ddddaeb213b856336ac82ddb3bc915f39e29f/cryptography-49.0.0-cp39-abi3-manylinux2014_aarch64.manylinux_2_17_aarch64.whl", hash = "sha256:f78ff2c9ed8dc2d036b0f4d640e22522213d047c1b14e61205a7e55c80a494d4", size = 4692429, upload-time = "2026-06-12T20:01:53.628Z" },
    { url = "https://files.pythonhosted.org/packages/2c/99/2d13299eb3dd27b02dcfaafcc91d6b5cb3329f7cbd6d8f51921acd566c1a/cryptography-49.0.0-cp39-abi3-manylinux2014_x86_64.manylinux_2_17_x86_64.whl", hash = "sha256:35b151772baff2c74cba7fa290ceaff4c3b11c0c881eb93eb5dbc05a7cfbba18", size = 4700968, upload-time = "2026-06-12T20:02:45.383Z" },
    { url = "https://files.pythonhosted.org/packages/a5/4d/9c0cd02f95e2602dd5e563da149ee0830abef3537be8b34dc56281ebe27a/cryptography-49.0.0-cp39-abi3-manylinux_2_28_aarch64.whl", hash = "sha256:0f21641cf4b30fca7aee061ced0ec7ad7b073518088b7c9969a297c0ae796c69", size = 4697758, upload-time = "2026-06-12T20:01:41.13Z" },
    { url = "https://files.pythonhosted.org/packages/24/01/186c825898477d77e2324d5360fefe622ff1d8d1963ec0554e2cada8ec77/cryptography-49.0.0-cp39-abi3-manylinux_2_28_ppc64le.whl", hash = "sha256:9e82dcc8e56052715fb18b2429e3bca4823b1629136a2084fc45a9a5cecb9b64", size = 5298863, upload-time = "2026-06-12T20:02:24.579Z" },
    { url = "https://files.pythonhosted.org/packages/b8/7b/62cbbab75d0659865bf0273790031544a0b16c8072d258f9428dcd8190dc/cryptography-49.0.0-cp39-abi3-manylinux_2_28_x86_64.whl", hash = "sha256:6f2debedf9ca60cf1d5bd466475638af5130f89965605cd818484d19987d3a21", size = 4735983, upload-time = "2026-06-12T20:01:50.14Z" },
    { url = "https://files.pythonhosted.org/packages/6c/72/3e798c064bc39e471008075d0f9bc9daf77a80879c092e4a8e170c585ed4/cryptography-49.0.0-cp39-abi3-manylinux_2_31_armv7l.whl", hash = "sha256:8c25ceb16df5b9435f3f6a9829204985b0e0cbee3b48aacd432c7d2c850b44d9", size = 4334173, upload-time = "2026-06-12T20:01:44.743Z" },
    { url = "https://files.pythonhosted.org/packages/f0/ee/6fca21d1ac73e06f8bef71940abfd4d2f6472b4bca284d770f32bd4086f6/cryptography-49.0.0-cp39-abi3-manylinux_2_34_aarch64.whl", hash = "sha256:28d8b15e6275f12c8a207dc309dfa957903c927d08d0cc937ee3f63f200693cc", size = 4697298, upload-time = "2026-06-12T20:02:20.918Z" },
    { url = "https://files.pythonhosted.org/packages/67/d0/a5fcd3515f0bae49a7b6d0413cc1bdccdcc1fc0047037a0d480642cdc5d6/cryptography-49.0.0-cp39-abi3-manylinux_2_34_ppc64le.whl", hash = "sha256:6fc361c34fb6aac015ce19435876635e5c6d21db31998b0920f675f131e043b8", size = 5254338, upload-time = "2026-06-12T20:02:22.737Z" },
    { url = "https://files.pythonhosted.org/packages/a0/84/84fe36f19caf857d61cb7fc9c63035a47ffabd84ea12d1d393148efa3615/cryptography-49.0.0-cp39-abi3-manylinux_2_34_x86_64.whl", hash = "sha256:2400ef9c9e2299a25614eb1dea3db54a69b1349efd043bfac9c67630d136df36", size = 4735650, upload-time = "2026-06-12T20:02:41.389Z" },
    { url = "https://files.pythonhosted.org/packages/6c/a0/db537264e234f7273a73ec020873d6d6b39dfd8a53db78b550ca8320440e/cryptography-49.0.0-cp39-abi3-musllinux_1_2_aarch64.whl", hash = "sha256:67e1d20ad9ef3a563c59ef22e7a8a0b8210bd26604369ea4a30a7c66aefe504e", size = 4834820, upload-time = "2026-06-12T20:01:51.847Z" },
    { url = "https://files.pythonhosted.org/packages/93/77/8df9eb486495979bccecd1062e2eaf435250e84437040295b57d09048b0b/cryptography-49.0.0-cp39-abi3-musllinux_1_2_x86_64.whl", hash = "sha256:42b0684e0e40cf26122427802486f6d93aea593612603a94fbf260c7eb1e9c1b", size = 4967968, upload-time = "2026-06-12T20:02:12.524Z" },
    { url = "https://files.pythonhosted.org/packages/c2/e6/f60198ea8d9dfa15fff9ed4ca02ce362f6eadd9ba757dcc50634c4257b63/cryptography-49.0.0-cp39-abi3-win_amd64.whl", hash = "sha256:026ac7423e6fa66872d3bf889be5974507da3944f866f704fa200eadacd00001", size = 3785547, upload-time = "2026-06-12T20:02:26.847Z" },
    { url = "https://files.pythonhosted.org/packages/63/d3/4a83af35d65e3fad632c926fad684c193ea4398569ccb0bbbc7fe8f5dc9a/cryptography-49.0.0-pp311-pypy311_pp73-macosx_11_0_arm64.whl", hash = "sha256:fc1e275c2f1d97b1a6450b8b0ea3ebfa6e087a611c2b26cb2404d48588abab7b", size = 3993685, upload-time = "2026-06-12T20:02:14.883Z" },
    { url = "https://files.pythonhosted.org/packages/d6/a7/f9dac0ab7f80368c56993a7bf638ef9935f825c91902798481fac0898138/cryptography-49.0.0-pp311-pypy311_pp73-manylinux_2_28_aarch64.whl", hash = "sha256:c83782480a4a9da4d0feb51950131ba32e12e70813848b3343f6e18c28a66838", size = 4676239, upload-time = "2026-06-12T20:02:28.793Z" },
    { url = "https://files.pythonhosted.org/packages/d7/70/2ba3769dd0ae167e2f33dfa9592d45db6ff9a61d62ca1a5b3d1bdd09068f/cryptography-49.0.0-pp311-pypy311_pp73-manylinux_2_28_x86_64.whl", hash = "sha256:b39efa323140595abd3ecca8529d321ae50f55f3aa3ba9cc81ea56a6011953d5", size = 4715584, upload-time = "2026-06-12T20:01:27.495Z" },
    { url = "https://files.pythonhosted.org/packages/94/64/2923570ac1c0bd3a737aa366ac3abbbbde273042308b8cde95e2364a6e6a/cryptography-49.0.0-pp311-pypy311_pp73-manylinux_2_34_aarch64.whl", hash = "sha256:b47db11c2c3525083296069b98ac5221907455e989ae0c2e3008bde851921615", size = 4675885, upload-time = "2026-06-12T20:01:55.49Z" },
    { url = "https://files.pythonhosted.org/packages/ab/f8/614dc7e051418cfe53d55173c1e24c6b0085e89996fe90508c2fdf769aef/cryptography-49.0.0-pp311-pypy311_pp73-manylinux_2_34_x86_64.whl", hash = "sha256:084ef1af862eb07ec46d25f68689f2102a9fc0e05ce7b80f14f5fe51e4eef0f6", size = 4715449, upload-time = "2026-06-12T20:02:05.469Z" },
    { url = "https://files.pythonhosted.org/packages/aa/50/a9caea39ad19c431c1a3f8a31114df65b260cdfe67786b6c7e7c040c4c44/cryptography-49.0.0-pp311-pypy311_pp73-win_amd64.whl", hash = "sha256:be9fcb48a55f023493482827d4f459bd263cc20efde64f204b97c123201850c6", size = 3783731, upload-time = "2026-06-12T20:02:43.319Z" },
]

[[package]]
name = "pycparser"
version = "3.0"
source = { registry = "https://pypi.org/simple" }
sdist = { url = "https://files.pythonhosted.org/packages/1b/7d/92392ff7815c21062bea51aa7b87d45576f649f16458d78b7cf94b9ab2e6/pycparser-3.0.tar.gz", hash = "sha256:600f49d217304a5902ac3c37e1281c9fe94e4d0489de643a9504c5cdfdfc6b29", size = 103492, upload-time = "2026-01-21T14:26:51.89Z" }
wheels = [
    { url = "https://files.pythonhosted.org/packages/0c/c3/44f3fbbfa403ea2a7c779186dc20772604442dde72947e7d01069cbe98e3/pycparser-3.0-py3-none-any.whl", hash = "sha256:b727414169a36b7d524c1c3e31839a521725078d7b2ff038656844266160a992", size = 48172, upload-time = "2026-01-21T14:26:50.693Z" },
]

[[package]]
name = "pydantic"
version = "2.12.0"
source = { registry = "https://pypi.org/simple" }
dependencies = [
    { name = "annotated-types" },
    { name = "pydantic-core" },
    { name = "typing-extensions" },
    { name = "typing-inspection" },
]
sdist = { url = "https://files.pythonhosted.org/packages/c3/da/b8a7ee04378a53f6fefefc0c5e05570a3ebfdfa0523a878bcd3b475683ee/pydantic-2.12.0.tar.gz", hash = "sha256:c1a077e6270dbfb37bfd8b498b3981e2bb18f68103720e51fa6c306a5a9af563", size = 814760, upload-time = "2025-10-07T15:58:03.467Z" }
wheels = [
    { url = "https://files.pythonhosted.org/packages/f4/9d/d5c855424e2e5b6b626fbc6ec514d8e655a600377ce283008b115abb7445/pydantic-2.12.0-py3-none-any.whl", hash = "sha256:f6a1da352d42790537e95e83a8bdfb91c7efbae63ffd0b86fa823899e807116f", size = 459730, upload-time = "2025-10-07T15:58:01.576Z" },
]

[[package]]
name = "pydantic-core"
version = "2.41.1"
source = { registry = "https://pypi.org/simple" }
dependencies = [
    { name = "typing-extensions" },
]
sdist = { url = "https://files.pythonhosted.org/packages/7d/14/12b4a0d2b0b10d8e1d9a24ad94e7bbb43335eaf29c0c4e57860e8a30734a/pydantic_core-2.41.1.tar.gz", hash = "sha256:1ad375859a6d8c356b7704ec0f547a58e82ee80bb41baa811ad710e124bc8f2f", size = 454870, upload-time = "2025-10-07T10:50:45.974Z" }
wheels = [
    { url = "https://files.pythonhosted.org/packages/f6/a9/ec440f02e57beabdfd804725ef1e38ac1ba00c49854d298447562e119513/pydantic_core-2.41.1-cp311-cp311-macosx_10_12_x86_64.whl", hash = "sha256:4f276a6134fe1fc1daa692642a3eaa2b7b858599c49a7610816388f5e37566a1", size = 2111456, upload-time = "2025-10-06T21:10:09.824Z" },
    { url = "https://files.pythonhosted.org/packages/f0/f9/6bc15bacfd8dcfc073a1820a564516d9c12a435a9a332d4cbbfd48828ddd/pydantic_core-2.41.1-cp311-cp311-macosx_11_0_arm64.whl", hash = "sha256:07588570a805296ece009c59d9a679dc08fab72fb337365afb4f3a14cfbfc176", size = 1915012, upload-time = "2025-10-06T21:10:11.599Z" },
    { url = "https://files.pythonhosted.org/packages/38/8a/d9edcdcdfe80bade17bed424284427c08bea892aaec11438fa52eaeaf79c/pydantic_core-2.41.1-cp311-cp311-manylinux_2_17_aarch64.manylinux2014_aarch64.whl", hash = "sha256:28527e4b53400cd60ffbd9812ccb2b5135d042129716d71afd7e45bf42b855c0", size = 1973762, upload-time = "2025-10-06T21:10:13.154Z" },
    { url = "https://files.pythonhosted.org/packages/d5/b3/ff225c6d49fba4279de04677c1c876fc3dc6562fd0c53e9bfd66f58c51a8/pydantic_core-2.41.1-cp311-cp311-manylinux_2_17_armv7l.manylinux2014_armv7l.whl", hash = "sha256:46a1c935c9228bad738c8a41de06478770927baedf581d172494ab36a6b96575", size = 2065386, upload-time = "2025-10-06T21:10:14.436Z" },
    { url = "https://files.pythonhosted.org/packages/47/ba/183e8c0be4321314af3fd1ae6bfc7eafdd7a49bdea5da81c56044a207316/pydantic_core-2.41.1-cp311-cp311-manylinux_2_17_ppc64le.manylinux2014_ppc64le.whl", hash = "sha256:447ddf56e2b7d28d200d3e9eafa936fe40485744b5a824b67039937580b3cb20", size = 2252317, upload-time = "2025-10-06T21:10:15.719Z" },
    { url = "https://files.pythonhosted.org/packages/57/c5/aab61e94fd02f45c65f1f8c9ec38bb3b33fbf001a1837c74870e97462572/pydantic_core-2.41.1-cp311-cp311-manylinux_2_17_s390x.manylinux2014_s390x.whl", hash = "sha256:63892ead40c1160ac860b5debcc95c95c5a0035e543a8b5a4eac70dd22e995f4", size = 2373405, upload-time = "2025-10-06T21:10:17.017Z" },
    { url = "https://files.pythonhosted.org/packages/e5/4f/3aaa3bd1ea420a15acc42d7d3ccb3b0bbc5444ae2f9dbc1959f8173e16b8/pydantic_core-2.41.1-cp311-cp311-manylinux_2_17_x86_64.manylinux2014_x86_64.whl", hash = "sha256:f4a9543ca355e6df8fbe9c83e9faab707701e9103ae857ecb40f1c0cf8b0e94d", size = 2073794, upload-time = "2025-10-06T21:10:18.383Z" },
    { url = "https://files.pythonhosted.org/packages/58/bd/e3975cdebe03ec080ef881648de316c73f2a6be95c14fc4efb2f7bdd0d41/pydantic_core-2.41.1-cp311-cp311-manylinux_2_5_i686.manylinux1_i686.whl", hash = "sha256:f2611bdb694116c31e551ed82e20e39a90bea9b7ad9e54aaf2d045ad621aa7a1", size = 2194430, upload-time = "2025-10-06T21:10:19.638Z" },
    { url = "https://files.pythonhosted.org/packages/2b/b8/6b7e7217f147d3b3105b57fb1caec3c4f667581affdfaab6d1d277e1f749/pydantic_core-2.41.1-cp311-cp311-musllinux_1_1_aarch64.whl", hash = "sha256:fecc130893a9b5f7bfe230be1bb8c61fe66a19db8ab704f808cb25a82aad0bc9", size = 2154611, upload-time = "2025-10-06T21:10:21.28Z" },
    { url = "https://files.pythonhosted.org/packages/fe/7b/239c2fe76bd8b7eef9ae2140d737368a3c6fea4fd27f8f6b4cde6baa3ce9/pydantic_core-2.41.1-cp311-cp311-musllinux_1_1_armv7l.whl", hash = "sha256:1e2df5f8344c99b6ea5219f00fdc8950b8e6f2c422fbc1cc122ec8641fac85a1", size = 2329809, upload-time = "2025-10-06T21:10:22.678Z" },
    { url = "https://files.pythonhosted.org/packages/bd/2e/77a821a67ff0786f2f14856d6bd1348992f695ee90136a145d7a445c1ff6/pydantic_core-2.41.1-cp311-cp311-musllinux_1_1_x86_64.whl", hash = "sha256:35291331e9d8ed94c257bab6be1cb3a380b5eee570a2784bffc055e18040a2ea", size = 2327907, upload-time = "2025-10-06T21:10:24.447Z" },
    { url = "https://files.pythonhosted.org/packages/fd/9a/b54512bb9df7f64c586b369328c30481229b70ca6a5fcbb90b715e15facf/pydantic_core-2.41.1-cp311-cp311-win32.whl", hash = "sha256:2876a095292668d753f1a868c4a57c4ac9f6acbd8edda8debe4218d5848cf42f", size = 1989964, upload-time = "2025-10-06T21:10:25.676Z" },
    { url = "https://files.pythonhosted.org/packages/9d/72/63c9a4f1a5c950e65dd522d7dd67f167681f9d4f6ece3b80085a0329f08f/pydantic_core-2.41.1-cp311-cp311-win_amd64.whl", hash = "sha256:b92d6c628e9a338846a28dfe3fcdc1a3279388624597898b105e078cdfc59298", size = 2025158, upload-time = "2025-10-06T21:10:27.522Z" },
    { url = "https://files.pythonhosted.org/packages/d8/16/4e2706184209f61b50c231529257c12eb6bd9eb36e99ea1272e4815d2200/pydantic_core-2.41.1-cp311-cp311-win_arm64.whl", hash = "sha256:7d82ae99409eb69d507a89835488fb657faa03ff9968a9379567b0d2e2e56bc5", size = 1972297, upload-time = "2025-10-06T21:10:28.814Z" },
    { url = "https://files.pythonhosted.org/packages/16/89/d0afad37ba25f5801735af1472e650b86baad9fe807a42076508e4824a2a/pydantic_core-2.41.1-graalpy311-graalpy242_311_native-macosx_10_12_x86_64.whl", hash = "sha256:68f2251559b8efa99041bb63571ec7cdd2d715ba74cc82b3bc9eff824ebc8bf0", size = 2124001, upload-time = "2025-10-07T10:49:54.369Z" },
    { url = "https://files.pythonhosted.org/packages/8e/c4/08609134b34520568ddebb084d9ed0a2a3f5f52b45739e6e22cb3a7112eb/pydantic_core-2.41.1-graalpy311-graalpy242_311_native-macosx_11_0_arm64.whl", hash = "sha256:c7bc140c596097cb53b30546ca257dbe3f19282283190b1b5142928e5d5d3a20", size = 1941841, upload-time = "2025-10-07T10:49:56.248Z" },
    { url = "https://files.pythonhosted.org/packages/2a/43/94a4877094e5fe19a3f37e7e817772263e2c573c94f1e3fa2b1eee56ef3b/pydantic_core-2.41.1-graalpy311-graalpy242_311_native-manylinux_2_17_aarch64.manylinux2014_aarch64.whl", hash = "sha256:2896510fce8f4725ec518f8b9d7f015a00db249d2fd40788f442af303480063d", size = 1961129, upload-time = "2025-10-07T10:49:58.298Z" },
    { url = "https://files.pythonhosted.org/packages/a2/30/23a224d7e25260eb5f69783a63667453037e07eb91ff0e62dabaadd47128/pydantic_core-2.41.1-graalpy311-graalpy242_311_native-manylinux_2_17_x86_64.manylinux2014_x86_64.whl", hash = "sha256:ced20e62cfa0f496ba68fa5d6c7ee71114ea67e2a5da3114d6450d7f4683572a", size = 2148770, upload-time = "2025-10-07T10:49:59.959Z" },
    { url = "https://files.pythonhosted.org/packages/e6/6c/fa3e45c2b054a1e627a89a364917f12cbe3abc3e91b9004edaae16e7b3c5/pydantic_core-2.41.1-pp311-pypy311_pp73-macosx_10_12_x86_64.whl", hash = "sha256:af2385d3f98243fb733862f806c5bb9122e5fba05b373e3af40e3c82d711cef1", size = 2112094, upload-time = "2025-10-07T10:50:25.513Z" },
    { url = "https://files.pythonhosted.org/packages/e5/17/7eebc38b4658cc8e6902d0befc26388e4c2a5f2e179c561eeb43e1922c7b/pydantic_core-2.41.1-pp311-pypy311_pp73-macosx_11_0_arm64.whl", hash = "sha256:6550617a0c2115be56f90c31a5370261d8ce9dbf051c3ed53b51172dd34da696", size = 1935300, upload-time = "2025-10-07T10:50:27.715Z" },
    { url = "https://files.pythonhosted.org/packages/2b/00/9fe640194a1717a464ab861d43595c268830f98cb1e2705aa134b3544b70/pydantic_core-2.41.1-pp311-pypy311_pp73-manylinux_2_17_aarch64.manylinux2014_aarch64.whl", hash = "sha256:dc17b6ecf4983d298686014c92ebc955a9f9baf9f57dad4065e7906e7bee6222", size = 1970417, upload-time = "2025-10-07T10:50:29.573Z" },
    { url = "https://files.pythonhosted.org/packages/b2/ad/f4cdfaf483b78ee65362363e73b6b40c48e067078d7b146e8816d5945ad6/pydantic_core-2.41.1-pp311-pypy311_pp73-manylinux_2_5_i686.manylinux1_i686.whl", hash = "sha256:42ae9352cf211f08b04ea110563d6b1e415878eea5b4c70f6bdb17dca3b932d2", size = 2190745, upload-time = "2025-10-07T10:50:31.48Z" },
    { url = "https://files.pythonhosted.org/packages/cb/c1/18f416d40a10f44e9387497ba449f40fdb1478c61ba05c4b6bdb82300362/pydantic_core-2.41.1-pp311-pypy311_pp73-musllinux_1_1_aarch64.whl", hash = "sha256:e82947de92068b0a21681a13dd2102387197092fbe7defcfb8453e0913866506", size = 2150888, upload-time = "2025-10-07T10:50:33.477Z" },
    { url = "https://files.pythonhosted.org/packages/42/30/134c8a921630d8a88d6f905a562495a6421e959a23c19b0f49b660801d67/pydantic_core-2.41.1-pp311-pypy311_pp73-musllinux_1_1_armv7l.whl", hash = "sha256:e244c37d5471c9acdcd282890c6c4c83747b77238bfa19429b8473586c907656", size = 2324489, upload-time = "2025-10-07T10:50:36.48Z" },
    { url = "https://files.pythonhosted.org/packages/9c/48/a9263aeaebdec81e941198525b43edb3b44f27cfa4cb8005b8d3eb8dec72/pydantic_core-2.41.1-pp311-pypy311_pp73-musllinux_1_1_x86_64.whl", hash = "sha256:1e798b4b304a995110d41ec93653e57975620ccb2842ba9420037985e7d7284e", size = 2322763, upload-time = "2025-10-07T10:50:38.751Z" },
    { url = "https://files.pythonhosted.org/packages/1d/62/755d2bd2593f701c5839fc084e9c2c5e2418f460383ad04e3b5d0befc3ca/pydantic_core-2.41.1-pp311-pypy311_pp73-win_amd64.whl", hash = "sha256:f1fc716c0eb1663c59699b024428ad5ec2bcc6b928527b8fe28de6cb89f47efb", size = 2144046, upload-time = "2025-10-07T10:50:40.686Z" },
]

[[package]]
name = "rfc8785"
version = "0.1.4"
source = { registry = "https://pypi.org/simple" }
sdist = { url = "https://files.pythonhosted.org/packages/ef/2f/fa1d2e740c490191b572d33dbca5daa180cb423c24396b856f5886371d8b/rfc8785-0.1.4.tar.gz", hash = "sha256:e545841329fe0eee4f6a3b44e7034343100c12b4ec566dc06ca9735681deb4da", size = 14321, upload-time = "2024-09-27T16:33:31.206Z" }
wheels = [
    { url = "https://files.pythonhosted.org/packages/4d/78/119878110660b2ad709888c8a1614fce7e2fab39080ab960656dc8605bf6/rfc8785-0.1.4-py3-none-any.whl", hash = "sha256:520d690b448ecf0703691c76e1a34a24ddcd4fc5bc41d589cb7c58ec651bcd48", size = 9240, upload-time = "2024-09-27T16:33:29.683Z" },
]

[[package]]
name = "typing-extensions"
version = "4.16.0"
source = { registry = "https://pypi.org/simple" }
sdist = { url = "https://files.pythonhosted.org/packages/f6/cc/6253133b5bb138fc3306cebfbda2c520f545d36b5be2c7255cc528bb45d6/typing_extensions-4.16.0.tar.gz", hash = "sha256:dc983d19a509c94dba722ee6abd33940f7c05a89e243c47e907eb4db6f1a43e5", size = 113555, upload-time = "2026-07-02T08:40:05.92Z" }
wheels = [
    { url = "https://files.pythonhosted.org/packages/49/d3/b8441a820a491ddfc024b0b0cf0393375b75ea13866d9c66727e54c2fc80/typing_extensions-4.16.0-py3-none-any.whl", hash = "sha256:481caa481374e813c1b176ada14e97f1f67a4539ce9cfeb3f350d78d6370c2e8", size = 45571, upload-time = "2026-07-02T08:40:04.659Z" },
]

[[package]]
name = "typing-inspection"
version = "0.4.3"
source = { registry = "https://pypi.org/simple" }
dependencies = [
    { name = "typing-extensions" },
]
sdist = { url = "https://files.pythonhosted.org/packages/6d/bc/4eae18cd40c65798a16267572ba346c11f599d44b01603dbd843342042bc/typing_inspection-0.4.3.tar.gz", hash = "sha256:c5f9ec1530b5c1e2c9bc34a84d9a3466ed1b2f3f2fa9f901368d9c5596210e4d", size = 76711, upload-time = "2026-08-10T09:39:18.063Z" }
wheels = [
    { url = "https://files.pythonhosted.org/packages/42/f7/7a3935abdebd5cf18705a5f0335dd6a3a18bef3baa7cb9edc3b6b9922cc8/typing_inspection-0.4.3-py3-none-any.whl", hash = "sha256:5f42b23858a91e0b4ef521f5418f03a0da3c9216fd2995ef5e73463100e676cd", size = 14693, upload-time = "2026-08-10T09:39:16.693Z" },
]
